// !$*UTF8*$!
{
	archiveVersion = 1;
	classes = {
	};
	objectVersion = 77;
	objects = {

/* Begin PBXBuildFile section */
		1D52BD442F383EBC00845B46 /* CardPhysicsKit in Frameworks */ = {isa = PBXBuildFile; productRef = 1D0736D0D8A729D01CC74C1A /* CardPhysicsKit */; };
/* End PBXBuildFile section */

/* Begin PBXContainerItemProxy section */
		1D0736B32F37F70000C31614 /* PBXContainerItemProxy */ = {
			isa = PBXContainerItemProxy;
			containerPortal = 1D07369D2F37F6FE00C31614 /* Project object */;
			proxyType = 1;
			remoteGlobalIDString = 1D0736A42F37F6FE00C31614;
			remoteInfo = CardPhysicsApp;
		};
		1D0736BD2F37F70000C31614 /* PBXContainerItemProxy */ = {
			isa = PBXContainerItemProxy;
			containerPortal = 1D07369D2F37F6FE00C31614 /* Project object */;
			proxyType = 1;
			remoteGlobalIDString = 1D0736A42F37F6FE00C31614;
			remoteInfo = CardPhysicsApp;
		};
/* End PBXContainerItemProxy section */

/* Begin PBXFileReference section */
		1D0736A52F37F6FE00C31614 /* CardPhysicsApp.app */ = {isa = PBXFileReference; explicitFileType = wrapper.application; includeInIndex = 0; path = CardPhysicsApp.app; sourceTree = BUILT_PRODUCTS_DIR; };
		1D0736B22F37F70000C31614 /* CardPhysicsAppTests.xctest */ = {isa = PBXFileReference; explicitFileType = wrapper.cfbundle; includeInIndex = 0; path = CardPhysicsAppTests.xctest; sourceTree = BUILT_PRODUCTS_DIR; };
		1D0736BC2F37F70000C31614 /* CardPhysicsAppUITests.xctest */ = {isa = PBXFileReference; explicitFileType = wrapper.cfbundle; includeInIndex = 0; path = CardPhysicsAppUITests.xctest; sourceTree = BUILT_PRODUCTS_DIR; };
/* End PBXFileReference section */

/* Begin PBXFileSystemSynchronizedRootGroup section */
		1D0736A72F37F6FE00C31614 /* CardPhysicsApp */ = {
			isa = PBXFileSystemSynchronizedRootGroup;
			path = CardPhysicsApp;
			sourceTree = "<group>";
		};
		1D0736B52F37F70000C31614 /* CardPhysicsAppTests */ = {
			isa = PBXFileSystemSynchronizedRootGroup;
			path = CardPhysicsAppTests;
			sourceTree = "<group>";
		};
		1D0736BF2F37F70000C31614 /* CardPhysicsAppUITests */ = {
			isa = PBXFileSystemSynchronizedRootGroup;
			path = CardPhysicsAppUITests;
			sourceTree = "<group>";
		};
/* End PBXFileSystemSynchronizedRootGroup section */

/* Begin PBXFrameworksBuildPhase section */
		1D0736A22F37F6FE00C31614 /* Frameworks */ = {
			isa = PBXFrameworksBuildPhase;
			buildActionMask = 2147483647;
			files = (
				1D52BD442F383EBC00845B46 /* CardPhysicsKit in Frameworks */,
			);
			runOnlyForDeploymentPostprocessing = 0;
		};
		1D0736AF2F37F70000C31614 /* Frameworks */ = {
			isa = PBXFrameworksBuildPhase;
			buildActionMask = 2147483647;
			files = (
			);
			runOnlyForDeploymentPostprocessing = 0;
		};
		1D0736B92F37F70000C31614 /* Frameworks */ = {
			isa = PBXFrameworksBuildPhase;
			buildActionMask = 2147483647;
			files = (
			);
			runOnlyForDeploymentPostprocessing = 0;
		};
/* End PBXFrameworksBuildPhase section */

/* Begin PBXGroup section */
		1D07369C2F37F6FE00C31614 = {
			isa = PBXGroup;
			children = (
				1D0736A72F37F6FE00C31614 /* CardPhysicsApp */,
				1D0736B52F37F70000C31614 /* CardPhysicsAppTests */,
				1D0736BF2F37F70000C31614 /* CardPhysicsAppUITests */,
				1D0736A62F37F6FE00C31614 /* Products */,
			);
			sourceTree = "<group>";
		};
		1D0736A62F37F6FE00C31614 /* Products */ = {
			isa = PBXGroup;
			children = (
				1D0736A52F37F6FE00C31614 /* CardPhysicsApp.app */,
				1D0736B22F37F70000C31614 /* CardPhysicsAppTests.xctest */,
				1D0736BC2F37F70000C31614 /* CardPhysicsAppUITests.xctest */,
			);
			name = Products;
			sourceTree = "<group>";
		};
/* End PBXGroup section */

/* Begin PBXNativeTarget section */
		1D0736A42F37F6FE00C31614 /* CardPhysicsApp */ = {
			isa = PBXNativeTarget;
			buildConfigurationList = 1D0736C62F37F70000C31614 /* Build configuration list for PBXNativeTarget "CardPhysicsApp" */;
			buildPhases = (
				1D0736A12F37F6FE00C31614 /* Sources */,
				1D0736A22F37F6FE00C31614 /* Frameworks */,
				1D0736A32F37F6FE00C31614 /* Resources */,
			);
			buildRules = (
			);
			dependencies = (
			);
			fileSystemSynchronizedGroups = (
				1D0736A72F37F6FE00C31614 /* CardPhysicsApp */,
			);
			name = CardPhysicsApp;
			packageProductDependencies = (
				1D0736D0D8A729D01CC74C1A /* CardPhysicsKit */,
			);
			productName = CardPhysicsApp;
			productReference = 1D0736A52F37F6FE00C31614 /* CardPhysicsApp.app */;
			productType = "com.apple.product-type.application";
		};
		1D0736B12F37F70000C31614 /* CardPhysicsAppTests */ = {
			isa = PBXNativeTarget;
			buildConfigurationList = 1D0736C92F37F70000C31614 /* Build configuration list for PBXNativeTarget "CardPhysicsAppTests" */;
			buildPhases = (
				1D0736AE2F37F70000C31614 /* Sources */,
				1D0736AF2F37F70000C31614 /* Frameworks */,
				1D0736B02F37F70000C31614 /* Resources */,
			);
			buildRules = (
			);
			dependencies = (
				1D0736B42F37F70000C31614 /* PBXTargetDependency */,
			);
			fileSystemSynchronizedGroups = (
				1D0736B52F37F70000C31614 /* CardPhysicsAppTests */,
			);
			name = CardPhysicsAppTests;
			packageProductDependencies = (
			);
			productName = CardPhysicsAppTests;
			productReference = 1D0736B22F37F70000C31614 /* CardPhysicsAppTests.xctest */;
			productType = "com.apple.product-type.bundle.unit-test";
		};
		1D0736BB2F37F70000C31614 /* CardPhysicsAppUITests */ = {
			isa = PBXNativeTarget;
			buildConfigurationList = 1D0736CC2F37F70000C31614 /* Build configuration list for PBXNativeTarget "CardPhysicsAppUITests" */;
			buildPhases = (
				1D0736B82F37F70000C31614 /* Sources */,
				1D0736B92F37F70000C31614 /* Frameworks */,
				1D0736BA2F37F70000C31614 /* Resources */,
			);
			buildRules = (
			);
			dependencies = (
				1D0736BE2F37F70000C31614 /* PBXTargetDependency */,
			);
			fileSystemSynchronizedGroups = (
				1D0736BF2F37F70000C31614 /* CardPhysicsAppUITests */,
			);
			name = CardPhysicsAppUITests;
			packageProductDependencies = (
			);
			productName = CardPhysicsAppUITests;
			productReference = 1D0736BC2F37F70000C31614 /* CardPhysicsAppUITests.xctest */;
			productType = "com.apple.product-type.bundle.ui-testing";
		};
/* End PBXNativeTarget section */

/* Begin PBXProject section */
		1D07369D2F37F6FE00C31614 /* Project object */ = {
			isa = PBXProject;
			attributes = {
				BuildIndependentTargetsInParallel = 1;
				LastSwiftUpdateCheck = 2630;
				LastUpgradeCheck = 2630;
				TargetAttributes = {
					1D0736A42F37F6FE00C31614 = {
						CreatedOnToolsVersion = 26.3;
					};
					1D0736B12F37F70000C31614 = {
						CreatedOnToolsVersion = 26.3;
						TestTargetID = 1D0736A42F37F6FE00C31614;
					};
					1D0736BB2F37F70000C31614 = {
						CreatedOnToolsVersion = 26.3;
						TestTargetID = 1D0736A42F37F6FE00C31614;
					};
				};
			};
			buildConfigurationList = 1D0736A02F37F6FE00C31614 /* Build configuration list for PBXProject "CardPhysicsApp" */;
			developmentRegion = en;
			hasScannedForEncodings = 0;
			knownRegions = (
				en,
				Base,
			);
			mainGroup = 1D07369C2F37F6FE00C31614;
			minimizedProjectReferenceProxies = 1;
			packageReferences = (
				1D0736CF2F37F78E00C31614 /* XCLocalSwiftPackageReference "../CardPhysicsPackage" */,
			);
			preferredProjectObjectVersion = 77;
			productRefGroup = 1D0736A62F37F6FE00C31614 /* Products */;
			projectDirPath = "";
			projectRoot = "";
			targets = (
				1D0736A42F37F6FE00C31614 /* CardPhysicsApp */,
				1D0736B12F37F70000C31614 /* CardPhysicsAppTests */,
				1D0736BB2F37F70000C31614 /* CardPhysicsAppUITests */,
			);
		};
/* End PBXProject section */

/* Begin PBXResourcesBuildPhase section */
		1D0736A32F37F6FE00C31614 /* Resources */ = {
			isa = PBXResourcesBuildPhase;
			buildActionMask = 2147483647;
			files = (
			);
			runOnlyForDeploymentPostprocessing = 0;
		};
		1D0736B02F37F70000C31614 /* Resources */ = {
			isa = PBXResourcesBuildPhase;
			buildActionMask = 2147483647;
			files = (
			);
			runOnlyForDeploymentPostprocessing = 0;
		};
		1D0736BA2F37F70000C31614 /* Resources */ = {
			isa = PBXResourcesBuildPhase;
			buildActionMask = 2147483647;
			files = (
			);
			runOnlyForDeploymentPostprocessing = 0;
		};
/* End PBXResourcesBuildPhase section */

/* Begin PBXSourcesBuildPhase section */
		1D0736A12F37F6FE00C31614 /* Sources */ = {
			isa = PBXSourcesBuildPhase;
			buildActionMask = 2147483647;
			files = (
			);
			runOnlyForDeploymentPostprocessing = 0;
		};
		1D0736AE2F37F70000C31614 /* Sources */ = {
			isa = PBXSourcesBuildPhase;
			buildActionMask = 2147483647;
			files = (
			);
			runOnlyForDeploymentPostprocessing = 0;
		};
		1D0736B82F37F70000C31614 /* Sources */ = {
			isa = PBXSourcesBuildPhase;
			buildActionMask = 2147483647;
			files = (
			);
			runOnlyForDeploymentPostprocessing = 0;
		};
/* End PBXSourcesBuildPhase section */

/* Begin PBXTargetDependency section */
		1D0736B42F37F70000C31614 /* PBXTargetDependency */ = {
			isa = PBXTargetDependency;
			target = 1D0736A42F37F6FE00C31614 /* CardPhysicsApp */;
			targetProxy = 1D0736B32F37F70000C31614 /* PBXContainerItemProxy */;
		};
		1D0736BE2F37F70000C31614 /* PBXTargetDependency */ = {
			isa = PBXTargetDependency;
			target = 1D0736A42F37F6FE00C31614 /* CardPhysicsApp */;
			targetProxy = 1D0736BD2F37F70000C31614 /* PBXContainerItemProxy */;
		};
/* End PBXTargetDependency section */

/* Begin XCBuildConfiguration section */
		1D0736C42F37F70000C31614 /* Debug */ = {
			isa = XCBuildConfiguration;
			buildSettings = {
				ALWAYS_SEARCH_USER_PATHS = NO;
				ASSETCATALOG_COMPILER_GENERATE_SWIFT_ASSET_SYMBOL_EXTENSIONS = YES;
				CLANG_ANALYZER_NONNULL = YES;
				CLANG_ANALYZER_NUMBER_OBJECT_CONVERSION = YES_AGGRESSIVE;
				CLANG_CXX_LANGUAGE_STANDARD = "gnu++20";
				CLANG_ENABLE_MODULES = YES;
				CLANG_ENABLE_OBJC_ARC = YES;
				CLANG_ENABLE_OBJC_WEAK = YES;
				CLANG_WARN_BLOCK_CAPTURE_AUTORELEASING = YES;
				CLANG_WARN_BOOL_CONVERSION = YES;
				CLANG_WARN_COMMA = YES;
				CLANG_WARN_CONSTANT_CONVERSION = YES;
				CLANG_WARN_DEPRECATED_OBJC_IMPLEMENTATIONS = YES;
				CLANG_WARN_DIRECT_OBJC_ISA_USAGE = YES_ERROR;
				CLANG_WARN_DOCUMENTATION_COMMENTS = YES;
				CLANG_WARN_EMPTY_BODY = YES;
				CLANG_WARN_ENUM_CONVERSION = YES;
				CLANG_WARN_INFINITE_RECURSION = YES;
				CLANG_WARN_INT_CONVERSION = YES;
				CLANG_WARN_NON_LITERAL_NULL_CONVERSION = YES;
				CLANG_WARN_OBJC_IMPLICIT_RETAIN_SELF = YES;
				CLANG_WARN_OBJC_LITERAL_CONVERSION = YES;
				CLANG_WARN_OBJC_ROOT_CLASS = YES_ERROR;
				CLANG_WARN_QUOTED_INCLUDE_IN_FRAMEWORK_HEADER = YES;
				CLANG_WARN_RANGE_LOOP_ANALYSIS = YES;
				CLANG_WARN_STRICT_PROTOTYPES = YES;
				CLANG_WARN_SUSPICIOUS_MOVE = YES;
				CLANG_WARN_UNGUARDED_AVAILABILITY = YES_AGGRESSIVE;
				CLANG_WARN_UNREACHABLE_CODE = YES;
				CLANG_WARN__DUPLICATE_METHOD_MATCH = YES;
				COPY_PHASE_STRIP = NO;
				DEBUG_INFORMATION_FORMAT = dwarf;
				DEVELOPMENT_TEAM = HKWX5MHSVF;
				ENABLE_STRICT_OBJC_MSGSEND = YES;
				ENABLE_TESTABILITY = YES;
				ENABLE_USER_SCRIPT_SANDBOXING = YES;
				GCC_C_LANGUAGE_STANDARD = gnu17;
				GCC_DYNAMIC_NO_PIC = NO;
				GCC_NO_COMMON_BLOCKS = YES;
				GCC_OPTIMIZATION_LEVEL = 0;
				GCC_PREPROCESSOR_DEFINITIONS = (
					"DEBUG=1",
					"$(inherited)",
				);
				GCC_WARN_64_TO_32_BIT_CONVERSION = YES;
				GCC_WARN_ABOUT_RETURN_TYPE = YES_ERROR;
				GCC_WARN_UNDECLARED_SELECTOR = YES;
				GCC_WARN_UNINITIALIZED_AUTOS = YES_AGGRESSIVE;
				GCC_WARN_UNUSED_FUNCTION = YES;
				GCC_WARN_UNUSED_VARIABLE = YES;
				IPHONEOS_DEPLOYMENT_TARGET = 26.2;
				LOCALIZATION_PREFERS_STRING_CATALOGS = YES;
				MTL_ENABLE_DEBUG_INFO = INCLUDE_SOURCE;
				MTL_FAST_MATH = YES;
				ONLY_ACTIVE_ARCH = YES;
				SDKROOT = iphoneos;
				SWIFT_ACTIVE_COMPILATION_CONDITIONS = "DEBUG $(inherited)";
				SWIFT_OPTIMIZATION_LEVEL = "-Onone";
			};
			name = Debug;
		};
		1D0736C52F37F70000C31614 /* Release */ = {
			isa = XCBuildConfiguration;
			buildSettings = {
				ALWAYS_SEARCH_USER_PATHS = NO;
				ASSETCATALOG_COMPILER_GENERATE_SWIFT_ASSET_SYMBOL_EXTENSIONS = YES;
				CLANG_ANALYZER_NONNULL = YES;
				CLANG_ANALYZER_NUMBER_OBJECT_CONVERSION = YES_AGGRESSIVE;
				CLANG_CXX_LANGUAGE_STANDARD = "gnu++20";
				CLANG_ENABLE_MODULES = YES;
				CLANG_ENABLE_OBJC_ARC = YES;
				CLANG_ENABLE_OBJC_WEAK = YES;
				CLANG_WARN_BLOCK_CAPTURE_AUTORELEASING = YES;
				CLANG_WARN_BOOL_CONVERSION = YES;
				CLANG_WARN_COMMA = YES;
				CLANG_WARN_CONSTANT_CONVERSION = YES;
				CLANG_WARN_DEPRECATED_OBJC_IMPLEMENTATIONS = YES;
				CLANG_WARN_DIRECT_OBJC_ISA_USAGE = YES_ERROR;
				CLANG_WARN_DOCUMENTATION_COMMENTS = YES;
				CLANG_WARN_EMPTY_BODY = YES;
				CLANG_WARN_ENUM_CONVERSION = YES;
				CLANG_WARN_INFINITE_RECURSION = YES;
				CLANG_WARN_INT_CONVERSION = YES;
				CLANG_WARN_NON_LITERAL_NULL_CONVERSION = YES;
				CLANG_WARN_OBJC_IMPLICIT_RETAIN_SELF = YES;
				CLANG_WARN_OBJC_LITERAL_CONVERSION = YES;
				CLANG_WARN_OBJC_ROOT_CLASS = YES_ERROR;
				CLANG_WARN_QUOTED_INCLUDE_IN_FRAMEWORK_HEADER = YES;
				CLANG_WARN_RANGE_LOOP_ANALYSIS = YES;
				CLANG_WARN_STRICT_PROTOTYPES = YES;
				CLANG_WARN_SUSPICIOUS_MOVE = YES;
				CLANG_WARN_UNGUARDED_AVAILABILITY = YES_AGGRESSIVE;
				CLANG_WARN_UNREACHABLE_CODE = YES;
				CLANG_WARN__DUPLICATE_METHOD_MATCH = YES;
				COPY_PHASE_STRIP = NO;
				DEBUG_INFORMATION_FORMAT = "dwarf-with-dsym";
				DEVELOPMENT_TEAM = HKWX5MHSVF;
				ENABLE_NS_ASSERTIONS = NO;
				ENABLE_STRICT_OBJC_MSGSEND = YES;
				ENABLE_USER_SCRIPT_SANDBOXING = YES;
				GCC_C_LANGUAGE_STANDARD = gnu17;
				GCC_NO_COMMON_BLOCKS = YES;
				GCC_WARN_64_TO_32_BIT_CONVERSION = YES;
				GCC_WARN_ABOUT_RETURN_TYPE = YES_ERROR;
				GCC_WARN_UNDECLARED_SELECTOR = YES;
				GCC_WARN_UNINITIALIZED_AUTOS = YES_AGGRESSIVE;
				GCC_WARN_UNUSED_FUNCTION = YES;
				GCC_WARN_UNUSED_VARIABLE = YES;
				IPHONEOS_DEPLOYMENT_TARGET = 26.2;
				LOCALIZATION_PREFERS_STRING_CATALOGS = YES;
				MTL_ENABLE_DEBUG_INFO = NO;
				MTL_FAST_MATH = YES;
				SDKROOT = iphoneos;
				SWIFT_COMPILATION_MODE = wholemodule;
				VALIDATE_PRODUCT = YES;
			};
			name = Release;
		};
		1D0736C72F37F70000C31614 /* Debug */ = {
			isa = XCBuildConfiguration;
			buildSettings = {
				ASSETCATALOG_COMPILER_APPICON_NAME = AppIcon;
				ASSETCATALOG_COMPILER_GLOBAL_ACCENT_COLOR_NAME = AccentColor;
				CODE_SIGN_STYLE = Automatic;
				CURRENT_PROJECT_VERSION = 1;
				DEVELOPMENT_TEAM = HKWX5MHSVF;
				ENABLE_PREVIEWS = YES;
				GENERATE_INFOPLIST_FILE = YES;
				INFOPLIST_KEY_UIApplicationSceneManifest_Generation = YES;
				INFOPLIST_KEY_UIApplicationSupportsIndirectInputEvents = YES;
				INFOPLIST_KEY_UILaunchScreen_Generation = YES;
				INFOPLIST_KEY_UISupportedInterfaceOrientations_iPad = "UIInterfaceOrientationLandscapeLeft UIInterfaceOrientationLandscapeRight";
				INFOPLIST_KEY_UISupportedInterfaceOrientations_iPhone = "UIInterfaceOrientationLandscapeLeft UIInterfaceOrientationLandscapeRight";
				LD_RUNPATH_SEARCH_PATHS = (
					"$(inherited)",
					"@executable_path/Frameworks",
				);
				MARKETING_VERSION = 1.0;
				PRODUCT_BUNDLE_IDENTIFIER = johndgraham.CardPhysicsApp;
				PRODUCT_NAME = "$(TARGET_NAME)";
				STRING_CATALOG_GENERATE_SYMBOLS = YES;
				SWIFT_APPROACHABLE_CONCURRENCY = YES;
				SWIFT_DEFAULT_ACTOR_ISOLATION = MainActor;
				SWIFT_EMIT_LOC_STRINGS = YES;
				SWIFT_UPCOMING_FEATURE_MEMBER_IMPORT_VISIBILITY = YES;
				SWIFT_VERSION = 5.0;
				TARGETED_DEVICE_FAMILY = "1,2";
			};
			name = Debug;
		};
		1D0736C82F37F70000C31614 /* Release */ = {
			isa = XCBuildConfiguration;
			buildSettings = {
				ASSETCATALOG_COMPILER_APPICON_NAME = AppIcon;
				ASSETCATALOG_COMPILER_GLOBAL_ACCENT_COLOR_NAME = AccentColor;
				CODE_SIGN_STYLE = Automatic;
				CURRENT_PROJECT_VERSION = 1;
				DEVELOPMENT_TEAM = HKWX5MHSVF;
				ENABLE_PREVIEWS = YES;
				GENERATE_INFOPLIST_FILE = YES;
				INFOPLIST_KEY_UIApplicationSceneManifest_Generation = YES;
				INFOPLIST_KEY_UIApplicationSupportsIndirectInputEvents = YES;
				INFOPLIST_KEY_UILaunchScreen_Generation = YES;
				INFOPLIST_KEY_UISupportedInterfaceOrientations_iPad = "UIInterfaceOrientationLandscapeLeft UIInterfaceOrientationLandscapeRight";
				INFOPLIST_KEY_UISupportedInterfaceOrientations_iPhone = "UIInterfaceOrientationLandscapeLeft UIInterfaceOrientationLandscapeRight";
				LD_RUNPATH_SEARCH_PATHS = (
					"$(inherited)",
					"@executable_path/Frameworks",
				);
				MARKETING_VERSION = 1.0;
				PRODUCT_BUNDLE_IDENTIFIER = johndgraham.CardPhysicsApp;
				PRODUCT_NAME = "$(TARGET_NAME)";
				STRING_CATALOG_GENERATE_SYMBOLS = YES;
				SWIFT_APPROACHABLE_CONCURRENCY = YES;
				SWIFT_DEFAULT_ACTOR_ISOLATION = MainActor;
				SWIFT_EMIT_LOC_STRINGS = YES;
				SWIFT_UPCOMING_FEATURE_MEMBER_IMPORT_VISIBILITY = YES;
				SWIFT_VERSION = 5.0;
				TARGETED_DEVICE_FAMILY = "1,2";
			};
			name = Release;
		};
		1D0736CA2F37F70000C31614 /* Debug */ = {
			isa = XCBuildConfiguration;
			buildSettings = {
				BUNDLE_LOADER = "$(TEST_HOST)";
				CODE_SIGN_STYLE = Automatic;
				CURRENT_PROJECT_VERSION = 1;
				DEVELOPMENT_TEAM = HKWX5MHSVF;
				GENERATE_INFOPLIST_FILE = YES;
				IPHONEOS_DEPLOYMENT_TARGET = 26.2;
				MARKETING_VERSION = 1.0;
				PRODUCT_BUNDLE_IDENTIFIER = johndgraham.CardPhysicsAppTests;
				PRODUCT_NAME = "$(TARGET_NAME)";
				STRING_CATALOG_GENERATE_SYMBOLS = NO;
				SWIFT_APPROACHABLE_CONCURRENCY = YES;
				SWIFT_EMIT_LOC_STRINGS = NO;
				SWIFT_UPCOMING_FEATURE_MEMBER_IMPORT_VISIBILITY = YES;
				SWIFT_VERSION = 5.0;
				TARGETED_DEVICE_FAMILY = "1,2";
				TEST_HOST = "$(BUILT_PRODUCTS_DIR)/CardPhysicsApp.app/$(BUNDLE_EXECUTABLE_FOLDER_PATH)/CardPhysicsApp";
			};
			name = Debug;
		};
		1D0736CB2F37F70000C31614 /* Release */ = {
			isa = XCBuildConfiguration;
			buildSettings = {
				BUNDLE_LOADER = "$(TEST_HOST)";
				CODE_SIGN_STYLE = Automatic;
				CURRENT_PROJECT_VERSION = 1;
				DEVELOPMENT_TEAM = HKWX5MHSVF;
				GENERATE_INFOPLIST_FILE = YES;
				IPHONEOS_DEPLOYMENT_TARGET = 26.2;
				MARKETING_VERSION = 1.0;
				PRODUCT_BUNDLE_IDENTIFIER = johndgraham.CardPhysicsAppTests;
				PRODUCT_NAME = "$(TARGET_NAME)";
				STRING_CATALOG_GENERATE_SYMBOLS = NO;
				SWIFT_APPROACHABLE_CONCURRENCY = YES;
				SWIFT_EMIT_LOC_STRINGS = NO;
				SWIFT_UPCOMING_FEATURE_MEMBER_IMPORT_VISIBILITY = YES;
				SWIFT_VERSION = 5.0;
				TARGETED_DEVICE_FAMILY = "1,2";
				TEST_HOST = "$(BUILT_PRODUCTS_DIR)/CardPhysicsApp.app/$(BUNDLE_EXECUTABLE_FOLDER_PATH)/CardPhysicsApp";
			};
			name = Release;
		};
		1D0736CD2F37F70000C31614 /* Debug */ = {
			isa = XCBuildConfiguration;
			buildSettings = {
				CODE_SIGN_STYLE = Automatic;
				CURRENT_PROJECT_VERSION = 1;
				DEVELOPMENT_TEAM = HKWX5MHSVF;
				GENERATE_INFOPLIST_FILE = YES;
				MARKETING_VERSION = 1.0;
				PRODUCT_BUNDLE_IDENTIFIER = johndgraham.CardPhysicsAppUITests;
				PRODUCT_NAME = "$(TARGET_NAME)";
				STRING_CATALOG_GENERATE_SYMBOLS = NO;
				SWIFT_APPROACHABLE_CONCURRENCY = YES;
				SWIFT_EMIT_LOC_STRINGS = NO;
				SWIFT_UPCOMING_FEATURE_MEMBER_IMPORT_VISIBILITY = YES;
				SWIFT_VERSION = 5.0;
				TARGETED_DEVICE_FAMILY = "1,2";
				TEST_TARGET_NAME = CardPhysicsApp;
			};
			name = Debug;
		};
		1D0736CE2F37F70000C31614 /* Release */ = {
			isa = XCBuildConfiguration;
			buildSettings = {
				CODE_SIGN_STYLE = Automatic;
				CURRENT_PROJECT_VERSION = 1;
				DEVELOPMENT_TEAM = HKWX5MHSVF;
				GENERATE_INFOPLIST_FILE = YES;
				MARKETING_VERSION = 1.0;
				PRODUCT_BUNDLE_IDENTIFIER = johndgraham.CardPhysicsAppUITests;
				PRODUCT_NAME = "$(TARGET_NAME)";
				STRING_CATALOG_GENERATE_SYMBOLS = NO;
				SWIFT_APPROACHABLE_CONCURRENCY = YES;
				SWIFT_EMIT_LOC_STRINGS = NO;
				SWIFT_UPCOMING_FEATURE_MEMBER_IMPORT_VISIBILITY = YES;
				SWIFT_VERSION = 5.0;
				TARGETED_DEVICE_FAMILY = "1,2";
				TEST_TARGET_NAME = CardPhysicsApp;
			};
			name = Release;
		};
/* End XCBuildConfiguration section */

/* Begin XCConfigurationList section */
		1D0736A02F37F6FE00C31614 /* Build configuration list for PBXProject "CardPhysicsApp" */ = {
			isa = XCConfigurationList;
			buildConfigurations = (
				1D0736C42F37F70000C31614 /* Debug */,
				1D0736C52F37F70000C31614 /* Release */,
			);
			defaultConfigurationIsVisible = 0;
			defaultConfigurationName = Release;
		};
		1D0736C62F37F70000C31614 /* Build configuration list for PBXNativeTarget "CardPhysicsApp" */ = {
			isa = XCConfigurationList;
			buildConfigurations = (
				1D0736C72F37F70000C31614 /* Debug */,
				1D0736C82F37F70000C31614 /* Release */,
			);
			defaultConfigurationIsVisible = 0;
			defaultConfigurationName = Release;
		};
		1D0736C92F37F70000C31614 /* Build configuration list for PBXNativeTarget "CardPhysicsAppTests" */ = {
			isa = XCConfigurationList;
			buildConfigurations = (
				1D0736CA2F37F70000C31614 /* Debug */,
				1D0736CB2F37F70000C31614 /* Release */,
			);
			defaultConfigurationIsVisible = 0;
			defaultConfigurationName = Release;
		};
		1D0736CC2F37F70000C31614 /* Build configuration list for PBXNativeTarget "CardPhysicsAppUITests" */ = {
			isa = XCConfigurationList;
			buildConfigurations = (
				1D0736CD2F37F70000C31614 /* Debug */,
				1D0736CE2F37F70000C31614 /* Release */,
			);
			defaultConfigurationIsVisible = 0;
			defaultConfigurationName = Release;
		};
/* End XCConfigurationList section */

/* Begin XCLocalSwiftPackageReference section */
		1D0736CF2F37F78E00C31614 /* XCLocalSwiftPackageReference "../CardPhysicsPackage" */ = {
			isa = XCLocalSwiftPackageReference;
			relativePath = ../CardPhysicsPackage;
		};
/* End XCLocalSwiftPackageReference section */

/* Begin XCSwiftPackageProductDependency section */
		1D0736D0D8A729D01CC74C1A /* CardPhysicsKit */ = {
			isa = XCSwiftPackageProductDependency;
			package = 1D0736CF2F37F78E00C31614 /* XCLocalSwiftPackageReference "../CardPhysicsPackage" */;
			productName = CardPhysicsKit;
		};
/* End XCSwiftPackageProductDependency section */
	};
	rootObject = 1D07369D2F37F6FE00C31614 /* Project object */;
}
