{
  "originHash" : "83ed28a849fe9ddee3f2e7e8144d51aab68e932e28c35653f99082d3037c3d9a",
  "pins" : [
    {
      "identity" : "cardengine",
      "kind" : "remoteSourceControl",
      "location" : "git@github.com:john-Graham/CardEngine.git",
      "state" : {
        "revision" : "2394c0350ac5d76839e4a4689f719ea0d7ea5ae6",
        "version" : "0.5.0"
      }
    }
  ],
  "version" : 3
}
